
Microsoft Visual Studio Solution File, Format Version 12.00
# Visual Studio Version 16
VisualStudioVersion = 16.0.31129.286
MinimumVisualStudioVersion = 10.0.40219.1
Project("{FAE04EC0-301F-11D3-BF4B-00C04F79EFBC}") = "CalculatorExampleMVP", "CalculatorExampleMVP.csproj", "{B06D9466-76BD-4BF3-BB42-6073C1F9B500}"
EndProject
Global
	GlobalSection(SolutionConfigurationPlatforms) = preSolution
		Debug|Any CPU = Debug|Any CPU
		Release|Any CPU = Release|Any CPU
	EndGlobalSection
	GlobalSection(ProjectConfigurationPlatforms) = postSolution
		{B06D9466-76BD-4BF3-BB42-6073C1F9B500}.Debug|Any CPU.ActiveCfg = Debug|Any CPU
		{B06D9466-76BD-4BF3-BB42-6073C1F9B500}.Debug|Any CPU.Build.0 = Debug|Any CPU
		{B06D9466-76BD-4BF3-BB42-6073C1F9B500}.Release|Any CPU.ActiveCfg = Release|Any CPU
		{B06D9466-76BD-4BF3-BB42-6073C1F9B500}.Release|Any CPU.Build.0 = Release|Any CPU
	EndGlobalSection
	GlobalSection(SolutionProperties) = preSolution
		HideSolutionNode = FALSE
	EndGlobalSection
	GlobalSection(ExtensibilityGlobals) = postSolution
		SolutionGuid = {3886DF75-4914-42CE-9E5C-13AA40BEB167}
	EndGlobalSection
EndGlobal
